
Microsoft Visual Studio Solution File, Format Version 12.00
# Visual Studio Version 16
VisualStudioVersion = 16.0.31729.503
MinimumVisualStudioVersion = 10.0.40219.1
Project("{FAE04EC0-301F-11D3-BF4B-00C04F79EFBC}") = "Docesal", "Docesal.csproj", "{1689C775-47AA-4F51-9A9D-D05A454BF709}"
EndProject
Global
	GlobalSection(SolutionConfigurationPlatforms) = preSolution
		Debug|Any CPU = Debug|Any CPU
		Release|Any CPU = Release|Any CPU
	EndGlobalSection
	GlobalSection(ProjectConfigurationPlatforms) = postSolution
		{1689C775-47AA-4F51-9A9D-D05A454BF709}.Debug|Any CPU.ActiveCfg = Debug|Any CPU
		{1689C775-47AA-4F51-9A9D-D05A454BF709}.Debug|Any CPU.Build.0 = Debug|Any CPU
		{1689C775-47AA-4F51-9A9D-D05A454BF709}.Release|Any CPU.ActiveCfg = Release|Any CPU
		{1689C775-47AA-4F51-9A9D-D05A454BF709}.Release|Any CPU.Build.0 = Release|Any CPU
	EndGlobalSection
	GlobalSection(SolutionProperties) = preSolution
		HideSolutionNode = FALSE
	EndGlobalSection
	GlobalSection(ExtensibilityGlobals) = postSolution
		SolutionGuid = {5C976E1A-1AF1-45E3-B42A-897FCAF8C651}
	EndGlobalSection
EndGlobal
